// !$*UTF8*$!
{
	archiveVersion = 1;
	classes = {
	};
	objectVersion = 56;
	objects = {

/* Begin PBXBuildFile section */
		FF1A745529AA9C6D003AC412 /* AppDelegate.swift in Sources */ = {isa = PBXBuildFile; fileRef = FF1A745429AA9C6D003AC412 /* AppDelegate.swift */; };
		FF1A745729AA9C6D003AC412 /* SceneDelegate.swift in Sources */ = {isa = PBXBuildFile; fileRef = FF1A745629AA9C6D003AC412 /* SceneDelegate.swift */; };
		FF1A745E29AA9C6F003AC412 /* Assets.xcassets in Resources */ = {isa = PBXBuildFile; fileRef = FF1A745D29AA9C6F003AC412 /* Assets.xcassets */; };
		FF1A746129AA9C6F003AC412 /* LaunchScreen.storyboard in Resources */ = {isa = PBXBuildFile; fileRef = FF1A745F29AA9C6F003AC412 /* LaunchScreen.storyboard */; };
		FF1A746C29AA9C70003AC412 /* CSGOTVTests.swift in Sources */ = {isa = PBXBuildFile; fileRef = FF1A746B29AA9C70003AC412 /* CSGOTVTests.swift */; };
		FF1A747629AA9C70003AC412 /* CSGOTVUITests.swift in Sources */ = {isa = PBXBuildFile; fileRef = FF1A747529AA9C70003AC412 /* CSGOTVUITests.swift */; };
		FF1A747829AA9C70003AC412 /* CSGOTVUITestsLaunchTests.swift in Sources */ = {isa = PBXBuildFile; fileRef = FF1A747729AA9C70003AC412 /* CSGOTVUITestsLaunchTests.swift */; };
		FF1A748729AA9DA4003AC412 /* MatchesViewController.swift in Sources */ = {isa = PBXBuildFile; fileRef = FF1A748529AA9DA4003AC412 /* MatchesViewController.swift */; };
		FF1A748829AA9DA4003AC412 /* MatchesViewController.xib in Resources */ = {isa = PBXBuildFile; fileRef = FF1A748629AA9DA4003AC412 /* MatchesViewController.xib */; };
		FF1A748B29AA9DBA003AC412 /* MatchesViewModel.swift in Sources */ = {isa = PBXBuildFile; fileRef = FF1A748A29AA9DBA003AC412 /* MatchesViewModel.swift */; };
		FF1A748E29AA9DDF003AC412 /* AppCoordinator.swift in Sources */ = {isa = PBXBuildFile; fileRef = FF1A748D29AA9DDF003AC412 /* AppCoordinator.swift */; };
		FF1A749129AAA032003AC412 /* BaseCoordinator.swift in Sources */ = {isa = PBXBuildFile; fileRef = FF1A749029AAA032003AC412 /* BaseCoordinator.swift */; };
		FF1A749629AAA22A003AC412 /* MatchesCoodinator.swift in Sources */ = {isa = PBXBuildFile; fileRef = FF1A749529AAA22A003AC412 /* MatchesCoodinator.swift */; };
		FF972A6A29AAAFF700C62461 /* Tournament.swift in Sources */ = {isa = PBXBuildFile; fileRef = FF972A6429AAAFF700C62461 /* Tournament.swift */; };
		FF972A6B29AAAFF700C62461 /* Opponent.swift in Sources */ = {isa = PBXBuildFile; fileRef = FF972A6529AAAFF700C62461 /* Opponent.swift */; };
		FF972A6C29AAAFF700C62461 /* League.swift in Sources */ = {isa = PBXBuildFile; fileRef = FF972A6629AAAFF700C62461 /* League.swift */; };
		FF972A6D29AAAFF700C62461 /* Serie.swift in Sources */ = {isa = PBXBuildFile; fileRef = FF972A6729AAAFF700C62461 /* Serie.swift */; };
		FF972A6E29AAAFF700C62461 /* OpponentItem.swift in Sources */ = {isa = PBXBuildFile; fileRef = FF972A6829AAAFF700C62461 /* OpponentItem.swift */; };
		FF972A6F29AAAFF700C62461 /* Match.swift in Sources */ = {isa = PBXBuildFile; fileRef = FF972A6929AAAFF700C62461 /* Match.swift */; };
		FF972A7229AAB08400C62461 /* Alamofire in Frameworks */ = {isa = PBXBuildFile; productRef = FF972A7129AAB08400C62461 /* Alamofire */; };
		FF972A7529AAB0E800C62461 /* Webservice.swift in Sources */ = {isa = PBXBuildFile; fileRef = FF972A7429AAB0E800C62461 /* Webservice.swift */; };
		FF972A7929AAB27D00C62461 /* MatchTableViewCell.swift in Sources */ = {isa = PBXBuildFile; fileRef = FF972A7729AAB27D00C62461 /* MatchTableViewCell.swift */; };
		FF972A7A29AAB27D00C62461 /* MatchTableViewCell.xib in Resources */ = {isa = PBXBuildFile; fileRef = FF972A7829AAB27D00C62461 /* MatchTableViewCell.xib */; };
		FF972A7D29AAD40D00C62461 /* UIView+Extension.swift in Sources */ = {isa = PBXBuildFile; fileRef = FF972A7C29AAD40D00C62461 /* UIView+Extension.swift */; };
		FF972A7F29AAD9A400C62461 /* UIImageView+Extension.swift in Sources */ = {isa = PBXBuildFile; fileRef = FF972A7E29AAD9A400C62461 /* UIImageView+Extension.swift */; };
		FF972A8529ABB71F00C62461 /* MatchDetailCoordinator.swift in Sources */ = {isa = PBXBuildFile; fileRef = FF972A8429ABB71F00C62461 /* MatchDetailCoordinator.swift */; };
		FF972A8829ABB73E00C62461 /* MatchDetailsViewController.swift in Sources */ = {isa = PBXBuildFile; fileRef = FF972A8629ABB73E00C62461 /* MatchDetailsViewController.swift */; };
		FF972A8929ABB73E00C62461 /* MatchDetailsViewController.xib in Resources */ = {isa = PBXBuildFile; fileRef = FF972A8729ABB73E00C62461 /* MatchDetailsViewController.xib */; };
		FF972A8B29ABB74F00C62461 /* MatchDetailsViewModel.swift in Sources */ = {isa = PBXBuildFile; fileRef = FF972A8A29ABB74F00C62461 /* MatchDetailsViewModel.swift */; };
		FF972A8D29ABBA3600C62461 /* DelegateView.swift in Sources */ = {isa = PBXBuildFile; fileRef = FF972A8C29ABBA3600C62461 /* DelegateView.swift */; };
		FF972A9029AC0A0900C62461 /* Date+Extension.swift in Sources */ = {isa = PBXBuildFile; fileRef = FF972A8F29AC0A0900C62461 /* Date+Extension.swift */; };
/* End PBXBuildFile section */

/* Begin PBXContainerItemProxy section */
		FF1A746829AA9C70003AC412 /* PBXContainerItemProxy */ = {
			isa = PBXContainerItemProxy;
			containerPortal = FF1A744929AA9C6D003AC412 /* Project object */;
			proxyType = 1;
			remoteGlobalIDString = FF1A745029AA9C6D003AC412;
			remoteInfo = CSGOTV;
		};
		FF1A747229AA9C70003AC412 /* PBXContainerItemProxy */ = {
			isa = PBXContainerItemProxy;
			containerPortal = FF1A744929AA9C6D003AC412 /* Project object */;
			proxyType = 1;
			remoteGlobalIDString = FF1A745029AA9C6D003AC412;
			remoteInfo = CSGOTV;
		};
/* End PBXContainerItemProxy section */

/* Begin PBXFileReference section */
		FF1A745129AA9C6D003AC412 /* CSGOTV.app */ = {isa = PBXFileReference; explicitFileType = wrapper.application; includeInIndex = 0; path = CSGOTV.app; sourceTree = BUILT_PRODUCTS_DIR; };
		FF1A745429AA9C6D003AC412 /* AppDelegate.swift */ = {isa = PBXFileReference; lastKnownFileType = sourcecode.swift; path = AppDelegate.swift; sourceTree = "<group>"; };
		FF1A745629AA9C6D003AC412 /* SceneDelegate.swift */ = {isa = PBXFileReference; lastKnownFileType = sourcecode.swift; path = SceneDelegate.swift; sourceTree = "<group>"; };
		FF1A745D29AA9C6F003AC412 /* Assets.xcassets */ = {isa = PBXFileReference; lastKnownFileType = folder.assetcatalog; path = Assets.xcassets; sourceTree = "<group>"; };
		FF1A746029AA9C6F003AC412 /* Base */ = {isa = PBXFileReference; lastKnownFileType = file.storyboard; name = Base; path = Base.lproj/LaunchScreen.storyboard; sourceTree = "<group>"; };
		FF1A746229AA9C6F003AC412 /* Info.plist */ = {isa = PBXFileReference; lastKnownFileType = text.plist.xml; path = Info.plist; sourceTree = "<group>"; };
		FF1A746729AA9C70003AC412 /* CSGOTVTests.xctest */ = {isa = PBXFileReference; explicitFileType = wrapper.cfbundle; includeInIndex = 0; path = CSGOTVTests.xctest; sourceTree = BUILT_PRODUCTS_DIR; };
		FF1A746B29AA9C70003AC412 /* CSGOTVTests.swift */ = {isa = PBXFileReference; lastKnownFileType = sourcecode.swift; path = CSGOTVTests.swift; sourceTree = "<group>"; };
		FF1A747129AA9C70003AC412 /* CSGOTVUITests.xctest */ = {isa = PBXFileReference; explicitFileType = wrapper.cfbundle; includeInIndex = 0; path = CSGOTVUITests.xctest; sourceTree = BUILT_PRODUCTS_DIR; };
		FF1A747529AA9C70003AC412 /* CSGOTVUITests.swift */ = {isa = PBXFileReference; lastKnownFileType = sourcecode.swift; path = CSGOTVUITests.swift; sourceTree = "<group>"; };
		FF1A747729AA9C70003AC412 /* CSGOTVUITestsLaunchTests.swift */ = {isa = PBXFileReference; lastKnownFileType = sourcecode.swift; path = CSGOTVUITestsLaunchTests.swift; sourceTree = "<group>"; };
		FF1A748529AA9DA4003AC412 /* MatchesViewController.swift */ = {isa = PBXFileReference; lastKnownFileType = sourcecode.swift; path = MatchesViewController.swift; sourceTree = "<group>"; };
		FF1A748629AA9DA4003AC412 /* MatchesViewController.xib */ = {isa = PBXFileReference; lastKnownFileType = file.xib; path = MatchesViewController.xib; sourceTree = "<group>"; };
		FF1A748A29AA9DBA003AC412 /* MatchesViewModel.swift */ = {isa = PBXFileReference; lastKnownFileType = sourcecode.swift; path = MatchesViewModel.swift; sourceTree = "<group>"; };
		FF1A748D29AA9DDF003AC412 /* AppCoordinator.swift */ = {isa = PBXFileReference; lastKnownFileType = sourcecode.swift; path = AppCoordinator.swift; sourceTree = "<group>"; };
		FF1A749029AAA032003AC412 /* BaseCoordinator.swift */ = {isa = PBXFileReference; lastKnownFileType = sourcecode.swift; path = BaseCoordinator.swift; sourceTree = "<group>"; };
		FF1A749529AAA22A003AC412 /* MatchesCoodinator.swift */ = {isa = PBXFileReference; lastKnownFileType = sourcecode.swift; path = MatchesCoodinator.swift; sourceTree = "<group>"; };
		FF972A6429AAAFF700C62461 /* Tournament.swift */ = {isa = PBXFileReference; fileEncoding = 4; lastKnownFileType = sourcecode.swift; path = Tournament.swift; sourceTree = "<group>"; };
		FF972A6529AAAFF700C62461 /* Opponent.swift */ = {isa = PBXFileReference; fileEncoding = 4; lastKnownFileType = sourcecode.swift; path = Opponent.swift; sourceTree = "<group>"; };
		FF972A6629AAAFF700C62461 /* League.swift */ = {isa = PBXFileReference; fileEncoding = 4; lastKnownFileType = sourcecode.swift; path = League.swift; sourceTree = "<group>"; };
		FF972A6729AAAFF700C62461 /* Serie.swift */ = {isa = PBXFileReference; fileEncoding = 4; lastKnownFileType = sourcecode.swift; path = Serie.swift; sourceTree = "<group>"; };
		FF972A6829AAAFF700C62461 /* OpponentItem.swift */ = {isa = PBXFileReference; fileEncoding = 4; lastKnownFileType = sourcecode.swift; path = OpponentItem.swift; sourceTree = "<group>"; };
		FF972A6929AAAFF700C62461 /* Match.swift */ = {isa = PBXFileReference; fileEncoding = 4; lastKnownFileType = sourcecode.swift; path = Match.swift; sourceTree = "<group>"; };
		FF972A7429AAB0E800C62461 /* Webservice.swift */ = {isa = PBXFileReference; lastKnownFileType = sourcecode.swift; path = Webservice.swift; sourceTree = "<group>"; };
		FF972A7729AAB27D00C62461 /* MatchTableViewCell.swift */ = {isa = PBXFileReference; lastKnownFileType = sourcecode.swift; path = MatchTableViewCell.swift; sourceTree = "<group>"; };
		FF972A7829AAB27D00C62461 /* MatchTableViewCell.xib */ = {isa = PBXFileReference; lastKnownFileType = file.xib; path = MatchTableViewCell.xib; sourceTree = "<group>"; };
		FF972A7C29AAD40D00C62461 /* UIView+Extension.swift */ = {isa = PBXFileReference; lastKnownFileType = sourcecode.swift; path = "UIView+Extension.swift"; sourceTree = "<group>"; };
		FF972A7E29AAD9A400C62461 /* UIImageView+Extension.swift */ = {isa = PBXFileReference; lastKnownFileType = sourcecode.swift; path = "UIImageView+Extension.swift"; sourceTree = "<group>"; };
		FF972A8429ABB71F00C62461 /* MatchDetailCoordinator.swift */ = {isa = PBXFileReference; lastKnownFileType = sourcecode.swift; path = MatchDetailCoordinator.swift; sourceTree = "<group>"; };
		FF972A8629ABB73E00C62461 /* MatchDetailsViewController.swift */ = {isa = PBXFileReference; lastKnownFileType = sourcecode.swift; path = MatchDetailsViewController.swift; sourceTree = "<group>"; };
		FF972A8729ABB73E00C62461 /* MatchDetailsViewController.xib */ = {isa = PBXFileReference; lastKnownFileType = file.xib; path = MatchDetailsViewController.xib; sourceTree = "<group>"; };
		FF972A8A29ABB74F00C62461 /* MatchDetailsViewModel.swift */ = {isa = PBXFileReference; lastKnownFileType = sourcecode.swift; path = MatchDetailsViewModel.swift; sourceTree = "<group>"; };
		FF972A8C29ABBA3600C62461 /* DelegateView.swift */ = {isa = PBXFileReference; lastKnownFileType = sourcecode.swift; path = DelegateView.swift; sourceTree = "<group>"; };
		FF972A8F29AC0A0900C62461 /* Date+Extension.swift */ = {isa = PBXFileReference; lastKnownFileType = sourcecode.swift; path = "Date+Extension.swift"; sourceTree = "<group>"; };
/* End PBXFileReference section */

/* Begin PBXFrameworksBuildPhase section */
		FF1A744E29AA9C6D003AC412 /* Frameworks */ = {
			isa = PBXFrameworksBuildPhase;
			buildActionMask = 2147483647;
			files = (
				FF972A7229AAB08400C62461 /* Alamofire in Frameworks */,
			);
			runOnlyForDeploymentPostprocessing = 0;
		};
		FF1A746429AA9C70003AC412 /* Frameworks */ = {
			isa = PBXFrameworksBuildPhase;
			buildActionMask = 2147483647;
			files = (
			);
			runOnlyForDeploymentPostprocessing = 0;
		};
		FF1A746E29AA9C70003AC412 /* Frameworks */ = {
			isa = PBXFrameworksBuildPhase;
			buildActionMask = 2147483647;
			files = (
			);
			runOnlyForDeploymentPostprocessing = 0;
		};
/* End PBXFrameworksBuildPhase section */

/* Begin PBXGroup section */
		FF1A744829AA9C6D003AC412 = {
			isa = PBXGroup;
			children = (
				FF1A745329AA9C6D003AC412 /* CSGOTV */,
				FF1A746A29AA9C70003AC412 /* CSGOTVTests */,
				FF1A747429AA9C70003AC412 /* CSGOTVUITests */,
				FF1A745229AA9C6D003AC412 /* Products */,
			);
			sourceTree = "<group>";
		};
		FF1A745229AA9C6D003AC412 /* Products */ = {
			isa = PBXGroup;
			children = (
				FF1A745129AA9C6D003AC412 /* CSGOTV.app */,
				FF1A746729AA9C70003AC412 /* CSGOTVTests.xctest */,
				FF1A747129AA9C70003AC412 /* CSGOTVUITests.xctest */,
			);
			name = Products;
			sourceTree = "<group>";
		};
		FF1A745329AA9C6D003AC412 /* CSGOTV */ = {
			isa = PBXGroup;
			children = (
				FF972A8E29AC09ED00C62461 /* Utils */,
				FF972A7B29AAD3F600C62461 /* Extensions */,
				FF972A7329AAB0D200C62461 /* Services */,
				FF972A6329AAAF9B00C62461 /* Models */,
				FF972A6129AAA6BE00C62461 /* Core */,
				FF972A6029AAA6B900C62461 /* Features */,
				FF1A745D29AA9C6F003AC412 /* Assets.xcassets */,
				FF1A746229AA9C6F003AC412 /* Info.plist */,
			);
			path = CSGOTV;
			sourceTree = "<group>";
		};
		FF1A746A29AA9C70003AC412 /* CSGOTVTests */ = {
			isa = PBXGroup;
			children = (
				FF1A746B29AA9C70003AC412 /* CSGOTVTests.swift */,
			);
			path = CSGOTVTests;
			sourceTree = "<group>";
		};
		FF1A747429AA9C70003AC412 /* CSGOTVUITests */ = {
			isa = PBXGroup;
			children = (
				FF1A747529AA9C70003AC412 /* CSGOTVUITests.swift */,
				FF1A747729AA9C70003AC412 /* CSGOTVUITestsLaunchTests.swift */,
			);
			path = CSGOTVUITests;
			sourceTree = "<group>";
		};
		FF1A748429AA9D7C003AC412 /* Matches */ = {
			isa = PBXGroup;
			children = (
				FF1A749429AAA1E7003AC412 /* ViewModel */,
				FF1A749329AAA1E2003AC412 /* View */,
				FF1A749229AAA1DB003AC412 /* Coordinator */,
			);
			path = Matches;
			sourceTree = "<group>";
		};
		FF1A749229AAA1DB003AC412 /* Coordinator */ = {
			isa = PBXGroup;
			children = (
				FF1A749529AAA22A003AC412 /* MatchesCoodinator.swift */,
			);
			path = Coordinator;
			sourceTree = "<group>";
		};
		FF1A749329AAA1E2003AC412 /* View */ = {
			isa = PBXGroup;
			children = (
				FF972A7629AAB25200C62461 /* Cells */,
				FF1A748529AA9DA4003AC412 /* MatchesViewController.swift */,
				FF1A748629AA9DA4003AC412 /* MatchesViewController.xib */,
			);
			path = View;
			sourceTree = "<group>";
		};
		FF1A749429AAA1E7003AC412 /* ViewModel */ = {
			isa = PBXGroup;
			children = (
				FF1A748A29AA9DBA003AC412 /* MatchesViewModel.swift */,
			);
			path = ViewModel;
			sourceTree = "<group>";
		};
		FF972A6029AAA6B900C62461 /* Features */ = {
			isa = PBXGroup;
			children = (
				FF972A8029ABB6F100C62461 /* MatchDetails */,
				FF1A748429AA9D7C003AC412 /* Matches */,
			);
			path = Features;
			sourceTree = "<group>";
		};
		FF972A6129AAA6BE00C62461 /* Core */ = {
			isa = PBXGroup;
			children = (
				FF972A6229AAA6D500C62461 /* Base */,
				FF1A745429AA9C6D003AC412 /* AppDelegate.swift */,
				FF1A745629AA9C6D003AC412 /* SceneDelegate.swift */,
				FF1A748D29AA9DDF003AC412 /* AppCoordinator.swift */,
				FF1A745F29AA9C6F003AC412 /* LaunchScreen.storyboard */,
			);
			path = Core;
			sourceTree = "<group>";
		};
		FF972A6229AAA6D500C62461 /* Base */ = {
			isa = PBXGroup;
			children = (
				FF1A749029AAA032003AC412 /* BaseCoordinator.swift */,
			);
			path = Base;
			sourceTree = "<group>";
		};
		FF972A6329AAAF9B00C62461 /* Models */ = {
			isa = PBXGroup;
			children = (
				FF972A6629AAAFF700C62461 /* League.swift */,
				FF972A6929AAAFF700C62461 /* Match.swift */,
				FF972A6529AAAFF700C62461 /* Opponent.swift */,
				FF972A6829AAAFF700C62461 /* OpponentItem.swift */,
				FF972A6729AAAFF700C62461 /* Serie.swift */,
				FF972A6429AAAFF700C62461 /* Tournament.swift */,
			);
			path = Models;
			sourceTree = "<group>";
		};
		FF972A7329AAB0D200C62461 /* Services */ = {
			isa = PBXGroup;
			children = (
				FF972A7429AAB0E800C62461 /* Webservice.swift */,
			);
			path = Services;
			sourceTree = "<group>";
		};
		FF972A7629AAB25200C62461 /* Cells */ = {
			isa = PBXGroup;
			children = (
				FF972A7729AAB27D00C62461 /* MatchTableViewCell.swift */,
				FF972A7829AAB27D00C62461 /* MatchTableViewCell.xib */,
			);
			path = Cells;
			sourceTree = "<group>";
		};
		FF972A7B29AAD3F600C62461 /* Extensions */ = {
			isa = PBXGroup;
			children = (
				FF972A7C29AAD40D00C62461 /* UIView+Extension.swift */,
				FF972A7E29AAD9A400C62461 /* UIImageView+Extension.swift */,
				FF972A8F29AC0A0900C62461 /* Date+Extension.swift */,
			);
			path = Extensions;
			sourceTree = "<group>";
		};
		FF972A8029ABB6F100C62461 /* MatchDetails */ = {
			isa = PBXGroup;
			children = (
				FF972A8329ABB70E00C62461 /* ViewModel */,
				FF972A8229ABB70900C62461 /* View */,
				FF972A8129ABB70300C62461 /* Coordinator */,
			);
			path = MatchDetails;
			sourceTree = "<group>";
		};
		FF972A8129ABB70300C62461 /* Coordinator */ = {
			isa = PBXGroup;
			children = (
				FF972A8429ABB71F00C62461 /* MatchDetailCoordinator.swift */,
			);
			path = Coordinator;
			sourceTree = "<group>";
		};
		FF972A8229ABB70900C62461 /* View */ = {
			isa = PBXGroup;
			children = (
				FF972A8629ABB73E00C62461 /* MatchDetailsViewController.swift */,
				FF972A8729ABB73E00C62461 /* MatchDetailsViewController.xib */,
			);
			path = View;
			sourceTree = "<group>";
		};
		FF972A8329ABB70E00C62461 /* ViewModel */ = {
			isa = PBXGroup;
			children = (
				FF972A8A29ABB74F00C62461 /* MatchDetailsViewModel.swift */,
			);
			path = ViewModel;
			sourceTree = "<group>";
		};
		FF972A8E29AC09ED00C62461 /* Utils */ = {
			isa = PBXGroup;
			children = (
				FF972A8C29ABBA3600C62461 /* DelegateView.swift */,
			);
			path = Utils;
			sourceTree = "<group>";
		};
/* End PBXGroup section */

/* Begin PBXNativeTarget section */
		FF1A745029AA9C6D003AC412 /* CSGOTV */ = {
			isa = PBXNativeTarget;
			buildConfigurationList = FF1A747B29AA9C70003AC412 /* Build configuration list for PBXNativeTarget "CSGOTV" */;
			buildPhases = (
				FF1A744D29AA9C6D003AC412 /* Sources */,
				FF1A744E29AA9C6D003AC412 /* Frameworks */,
				FF1A744F29AA9C6D003AC412 /* Resources */,
			);
			buildRules = (
			);
			dependencies = (
			);
			name = CSGOTV;
			packageProductDependencies = (
				FF972A7129AAB08400C62461 /* Alamofire */,
			);
			productName = CSGOTV;
			productReference = FF1A745129AA9C6D003AC412 /* CSGOTV.app */;
			productType = "com.apple.product-type.application";
		};
		FF1A746629AA9C70003AC412 /* CSGOTVTests */ = {
			isa = PBXNativeTarget;
			buildConfigurationList = FF1A747E29AA9C70003AC412 /* Build configuration list for PBXNativeTarget "CSGOTVTests" */;
			buildPhases = (
				FF1A746329AA9C70003AC412 /* Sources */,
				FF1A746429AA9C70003AC412 /* Frameworks */,
				FF1A746529AA9C70003AC412 /* Resources */,
			);
			buildRules = (
			);
			dependencies = (
				FF1A746929AA9C70003AC412 /* PBXTargetDependency */,
			);
			name = CSGOTVTests;
			productName = CSGOTVTests;
			productReference = FF1A746729AA9C70003AC412 /* CSGOTVTests.xctest */;
			productType = "com.apple.product-type.bundle.unit-test";
		};
		FF1A747029AA9C70003AC412 /* CSGOTVUITests */ = {
			isa = PBXNativeTarget;
			buildConfigurationList = FF1A748129AA9C70003AC412 /* Build configuration list for PBXNativeTarget "CSGOTVUITests" */;
			buildPhases = (
				FF1A746D29AA9C70003AC412 /* Sources */,
				FF1A746E29AA9C70003AC412 /* Frameworks */,
				FF1A746F29AA9C70003AC412 /* Resources */,
			);
			buildRules = (
			);
			dependencies = (
				FF1A747329AA9C70003AC412 /* PBXTargetDependency */,
			);
			name = CSGOTVUITests;
			productName = CSGOTVUITests;
			productReference = FF1A747129AA9C70003AC412 /* CSGOTVUITests.xctest */;
			productType = "com.apple.product-type.bundle.ui-testing";
		};
/* End PBXNativeTarget section */

/* Begin PBXProject section */
		FF1A744929AA9C6D003AC412 /* Project object */ = {
			isa = PBXProject;
			attributes = {
				BuildIndependentTargetsInParallel = 1;
				LastSwiftUpdateCheck = 1420;
				LastUpgradeCheck = 1420;
				TargetAttributes = {
					FF1A745029AA9C6D003AC412 = {
						CreatedOnToolsVersion = 14.2;
					};
					FF1A746629AA9C70003AC412 = {
						CreatedOnToolsVersion = 14.2;
						TestTargetID = FF1A745029AA9C6D003AC412;
					};
					FF1A747029AA9C70003AC412 = {
						CreatedOnToolsVersion = 14.2;
						TestTargetID = FF1A745029AA9C6D003AC412;
					};
				};
			};
			buildConfigurationList = FF1A744C29AA9C6D003AC412 /* Build configuration list for PBXProject "CSGOTV" */;
			compatibilityVersion = "Xcode 14.0";
			developmentRegion = en;
			hasScannedForEncodings = 0;
			knownRegions = (
				en,
				Base,
			);
			mainGroup = FF1A744829AA9C6D003AC412;
			packageReferences = (
				FF972A7029AAB08400C62461 /* XCRemoteSwiftPackageReference "Alamofire" */,
			);
			productRefGroup = FF1A745229AA9C6D003AC412 /* Products */;
			projectDirPath = "";
			projectRoot = "";
			targets = (
				FF1A745029AA9C6D003AC412 /* CSGOTV */,
				FF1A746629AA9C70003AC412 /* CSGOTVTests */,
				FF1A747029AA9C70003AC412 /* CSGOTVUITests */,
			);
		};
/* End PBXProject section */

/* Begin PBXResourcesBuildPhase section */
		FF1A744F29AA9C6D003AC412 /* Resources */ = {
			isa = PBXResourcesBuildPhase;
			buildActionMask = 2147483647;
			files = (
				FF1A748829AA9DA4003AC412 /* MatchesViewController.xib in Resources */,
				FF1A746129AA9C6F003AC412 /* LaunchScreen.storyboard in Resources */,
				FF972A8929ABB73E00C62461 /* MatchDetailsViewController.xib in Resources */,
				FF1A745E29AA9C6F003AC412 /* Assets.xcassets in Resources */,
				FF972A7A29AAB27D00C62461 /* MatchTableViewCell.xib in Resources */,
			);
			runOnlyForDeploymentPostprocessing = 0;
		};
		FF1A746529AA9C70003AC412 /* Resources */ = {
			isa = PBXResourcesBuildPhase;
			buildActionMask = 2147483647;
			files = (
			);
			runOnlyForDeploymentPostprocessing = 0;
		};
		FF1A746F29AA9C70003AC412 /* Resources */ = {
			isa = PBXResourcesBuildPhase;
			buildActionMask = 2147483647;
			files = (
			);
			runOnlyForDeploymentPostprocessing = 0;
		};
/* End PBXResourcesBuildPhase section */

/* Begin PBXSourcesBuildPhase section */
		FF1A744D29AA9C6D003AC412 /* Sources */ = {
			isa = PBXSourcesBuildPhase;
			buildActionMask = 2147483647;
			files = (
				FF972A6A29AAAFF700C62461 /* Tournament.swift in Sources */,
				FF972A8B29ABB74F00C62461 /* MatchDetailsViewModel.swift in Sources */,
				FF972A9029AC0A0900C62461 /* Date+Extension.swift in Sources */,
				FF1A748E29AA9DDF003AC412 /* AppCoordinator.swift in Sources */,
				FF972A7D29AAD40D00C62461 /* UIView+Extension.swift in Sources */,
				FF972A8D29ABBA3600C62461 /* DelegateView.swift in Sources */,
				FF1A749629AAA22A003AC412 /* MatchesCoodinator.swift in Sources */,
				FF1A748B29AA9DBA003AC412 /* MatchesViewModel.swift in Sources */,
				FF1A745529AA9C6D003AC412 /* AppDelegate.swift in Sources */,
				FF1A748729AA9DA4003AC412 /* MatchesViewController.swift in Sources */,
				FF972A6D29AAAFF700C62461 /* Serie.swift in Sources */,
				FF972A8829ABB73E00C62461 /* MatchDetailsViewController.swift in Sources */,
				FF972A7929AAB27D00C62461 /* MatchTableViewCell.swift in Sources */,
				FF972A6E29AAAFF700C62461 /* OpponentItem.swift in Sources */,
				FF972A7529AAB0E800C62461 /* Webservice.swift in Sources */,
				FF972A8529ABB71F00C62461 /* MatchDetailCoordinator.swift in Sources */,
				FF1A745729AA9C6D003AC412 /* SceneDelegate.swift in Sources */,
				FF972A6F29AAAFF700C62461 /* Match.swift in Sources */,
				FF1A749129AAA032003AC412 /* BaseCoordinator.swift in Sources */,
				FF972A6C29AAAFF700C62461 /* League.swift in Sources */,
				FF972A7F29AAD9A400C62461 /* UIImageView+Extension.swift in Sources */,
				FF972A6B29AAAFF700C62461 /* Opponent.swift in Sources */,
			);
			runOnlyForDeploymentPostprocessing = 0;
		};
		FF1A746329AA9C70003AC412 /* Sources */ = {
			isa = PBXSourcesBuildPhase;
			buildActionMask = 2147483647;
			files = (
				FF1A746C29AA9C70003AC412 /* CSGOTVTests.swift in Sources */,
			);
			runOnlyForDeploymentPostprocessing = 0;
		};
		FF1A746D29AA9C70003AC412 /* Sources */ = {
			isa = PBXSourcesBuildPhase;
			buildActionMask = 2147483647;
			files = (
				FF1A747829AA9C70003AC412 /* CSGOTVUITestsLaunchTests.swift in Sources */,
				FF1A747629AA9C70003AC412 /* CSGOTVUITests.swift in Sources */,
			);
			runOnlyForDeploymentPostprocessing = 0;
		};
/* End PBXSourcesBuildPhase section */

/* Begin PBXTargetDependency section */
		FF1A746929AA9C70003AC412 /* PBXTargetDependency */ = {
			isa = PBXTargetDependency;
			target = FF1A745029AA9C6D003AC412 /* CSGOTV */;
			targetProxy = FF1A746829AA9C70003AC412 /* PBXContainerItemProxy */;
		};
		FF1A747329AA9C70003AC412 /* PBXTargetDependency */ = {
			isa = PBXTargetDependency;
			target = FF1A745029AA9C6D003AC412 /* CSGOTV */;
			targetProxy = FF1A747229AA9C70003AC412 /* PBXContainerItemProxy */;
		};
/* End PBXTargetDependency section */

/* Begin PBXVariantGroup section */
		FF1A745F29AA9C6F003AC412 /* LaunchScreen.storyboard */ = {
			isa = PBXVariantGroup;
			children = (
				FF1A746029AA9C6F003AC412 /* Base */,
			);
			name = LaunchScreen.storyboard;
			sourceTree = "<group>";
		};
/* End PBXVariantGroup section */

/* Begin XCBuildConfiguration section */
		FF1A747929AA9C70003AC412 /* Debug */ = {
			isa = XCBuildConfiguration;
			buildSettings = {
				ALWAYS_SEARCH_USER_PATHS = NO;
				CLANG_ANALYZER_NONNULL = YES;
				CLANG_ANALYZER_NUMBER_OBJECT_CONVERSION = YES_AGGRESSIVE;
				CLANG_CXX_LANGUAGE_STANDARD = "gnu++20";
				CLANG_ENABLE_MODULES = YES;
				CLANG_ENABLE_OBJC_ARC = YES;
				CLANG_ENABLE_OBJC_WEAK = YES;
				CLANG_WARN_BLOCK_CAPTURE_AUTORELEASING = YES;
				CLANG_WARN_BOOL_CONVERSION = YES;
				CLANG_WARN_COMMA = YES;
				CLANG_WARN_CONSTANT_CONVERSION = YES;
				CLANG_WARN_DEPRECATED_OBJC_IMPLEMENTATIONS = YES;
				CLANG_WARN_DIRECT_OBJC_ISA_USAGE = YES_ERROR;
				CLANG_WARN_DOCUMENTATION_COMMENTS = YES;
				CLANG_WARN_EMPTY_BODY = YES;
				CLANG_WARN_ENUM_CONVERSION = YES;
				CLANG_WARN_INFINITE_RECURSION = YES;
				CLANG_WARN_INT_CONVERSION = YES;
				CLANG_WARN_NON_LITERAL_NULL_CONVERSION = YES;
				CLANG_WARN_OBJC_IMPLICIT_RETAIN_SELF = YES;
				CLANG_WARN_OBJC_LITERAL_CONVERSION = YES;
				CLANG_WARN_OBJC_ROOT_CLASS = YES_ERROR;
				CLANG_WARN_QUOTED_INCLUDE_IN_FRAMEWORK_HEADER = YES;
				CLANG_WARN_RANGE_LOOP_ANALYSIS = YES;
				CLANG_WARN_STRICT_PROTOTYPES = YES;
				CLANG_WARN_SUSPICIOUS_MOVE = YES;
				CLANG_WARN_UNGUARDED_AVAILABILITY = YES_AGGRESSIVE;
				CLANG_WARN_UNREACHABLE_CODE = YES;
				CLANG_WARN__DUPLICATE_METHOD_MATCH = YES;
				COPY_PHASE_STRIP = NO;
				DEBUG_INFORMATION_FORMAT = dwarf;
				ENABLE_STRICT_OBJC_MSGSEND = YES;
				ENABLE_TESTABILITY = YES;
				GCC_C_LANGUAGE_STANDARD = gnu11;
				GCC_DYNAMIC_NO_PIC = NO;
				GCC_NO_COMMON_BLOCKS = YES;
				GCC_OPTIMIZATION_LEVEL = 0;
				GCC_PREPROCESSOR_DEFINITIONS = (
					"DEBUG=1",
					"$(inherited)",
				);
				GCC_WARN_64_TO_32_BIT_CONVERSION = YES;
				GCC_WARN_ABOUT_RETURN_TYPE = YES_ERROR;
				GCC_WARN_UNDECLARED_SELECTOR = YES;
				GCC_WARN_UNINITIALIZED_AUTOS = YES_AGGRESSIVE;
				GCC_WARN_UNUSED_FUNCTION = YES;
				GCC_WARN_UNUSED_VARIABLE = YES;
				IPHONEOS_DEPLOYMENT_TARGET = 16.2;
				MTL_ENABLE_DEBUG_INFO = INCLUDE_SOURCE;
				MTL_FAST_MATH = YES;
				ONLY_ACTIVE_ARCH = YES;
				SDKROOT = iphoneos;
				SWIFT_ACTIVE_COMPILATION_CONDITIONS = DEBUG;
				SWIFT_OPTIMIZATION_LEVEL = "-Onone";
			};
			name = Debug;
		};
		FF1A747A29AA9C70003AC412 /* Release */ = {
			isa = XCBuildConfiguration;
			buildSettings = {
				ALWAYS_SEARCH_USER_PATHS = NO;
				CLANG_ANALYZER_NONNULL = YES;
				CLANG_ANALYZER_NUMBER_OBJECT_CONVERSION = YES_AGGRESSIVE;
				CLANG_CXX_LANGUAGE_STANDARD = "gnu++20";
				CLANG_ENABLE_MODULES = YES;
				CLANG_ENABLE_OBJC_ARC = YES;
				CLANG_ENABLE_OBJC_WEAK = YES;
				CLANG_WARN_BLOCK_CAPTURE_AUTORELEASING = YES;
				CLANG_WARN_BOOL_CONVERSION = YES;
				CLANG_WARN_COMMA = YES;
				CLANG_WARN_CONSTANT_CONVERSION = YES;
				CLANG_WARN_DEPRECATED_OBJC_IMPLEMENTATIONS = YES;
				CLANG_WARN_DIRECT_OBJC_ISA_USAGE = YES_ERROR;
				CLANG_WARN_DOCUMENTATION_COMMENTS = YES;
				CLANG_WARN_EMPTY_BODY = YES;
				CLANG_WARN_ENUM_CONVERSION = YES;
				CLANG_WARN_INFINITE_RECURSION = YES;
				CLANG_WARN_INT_CONVERSION = YES;
				CLANG_WARN_NON_LITERAL_NULL_CONVERSION = YES;
				CLANG_WARN_OBJC_IMPLICIT_RETAIN_SELF = YES;
				CLANG_WARN_OBJC_LITERAL_CONVERSION = YES;
				CLANG_WARN_OBJC_ROOT_CLASS = YES_ERROR;
				CLANG_WARN_QUOTED_INCLUDE_IN_FRAMEWORK_HEADER = YES;
				CLANG_WARN_RANGE_LOOP_ANALYSIS = YES;
				CLANG_WARN_STRICT_PROTOTYPES = YES;
				CLANG_WARN_SUSPICIOUS_MOVE = YES;
				CLANG_WARN_UNGUARDED_AVAILABILITY = YES_AGGRESSIVE;
				CLANG_WARN_UNREACHABLE_CODE = YES;
				CLANG_WARN__DUPLICATE_METHOD_MATCH = YES;
				COPY_PHASE_STRIP = NO;
				DEBUG_INFORMATION_FORMAT = "dwarf-with-dsym";
				ENABLE_NS_ASSERTIONS = NO;
				ENABLE_STRICT_OBJC_MSGSEND = YES;
				GCC_C_LANGUAGE_STANDARD = gnu11;
				GCC_NO_COMMON_BLOCKS = YES;
				GCC_WARN_64_TO_32_BIT_CONVERSION = YES;
				GCC_WARN_ABOUT_RETURN_TYPE = YES_ERROR;
				GCC_WARN_UNDECLARED_SELECTOR = YES;
				GCC_WARN_UNINITIALIZED_AUTOS = YES_AGGRESSIVE;
				GCC_WARN_UNUSED_FUNCTION = YES;
				GCC_WARN_UNUSED_VARIABLE = YES;
				IPHONEOS_DEPLOYMENT_TARGET = 16.2;
				MTL_ENABLE_DEBUG_INFO = NO;
				MTL_FAST_MATH = YES;
				SDKROOT = iphoneos;
				SWIFT_COMPILATION_MODE = wholemodule;
				SWIFT_OPTIMIZATION_LEVEL = "-O";
				VALIDATE_PRODUCT = YES;
			};
			name = Release;
		};
		FF1A747C29AA9C70003AC412 /* Debug */ = {
			isa = XCBuildConfiguration;
			buildSettings = {
				ASSETCATALOG_COMPILER_APPICON_NAME = AppIcon;
				ASSETCATALOG_COMPILER_GLOBAL_ACCENT_COLOR_NAME = AccentColor;
				ASSETCATALOG_COMPILER_INCLUDE_ALL_APPICON_ASSETS = YES;
				CODE_SIGN_STYLE = Automatic;
				CURRENT_PROJECT_VERSION = 1;
				DEVELOPMENT_TEAM = UT4W7MMEML;
				GENERATE_INFOPLIST_FILE = YES;
				INFOPLIST_FILE = CSGOTV/Info.plist;
				INFOPLIST_KEY_LSApplicationCategoryType = "public.app-category.games";
				INFOPLIST_KEY_UIApplicationSupportsIndirectInputEvents = YES;
				INFOPLIST_KEY_UILaunchStoryboardName = LaunchScreen;
				INFOPLIST_KEY_UIMainStoryboardFile = Main;
				INFOPLIST_KEY_UIRequiresFullScreen = YES;
				INFOPLIST_KEY_UIStatusBarStyle = UIStatusBarStyleLightContent;
				INFOPLIST_KEY_UISupportedInterfaceOrientations = UIInterfaceOrientationPortrait;
				LD_RUNPATH_SEARCH_PATHS = (
					"$(inherited)",
					"@executable_path/Frameworks",
				);
				MARKETING_VERSION = 1.0;
				PRODUCT_BUNDLE_IDENTIFIER = com.willianpinho.CSGOTV;
				PRODUCT_NAME = "$(TARGET_NAME)";
				SWIFT_EMIT_LOC_STRINGS = YES;
				SWIFT_VERSION = 5.0;
				TARGETED_DEVICE_FAMILY = "1,2";
			};
			name = Debug;
		};
		FF1A747D29AA9C70003AC412 /* Release */ = {
			isa = XCBuildConfiguration;
			buildSettings = {
				ASSETCATALOG_COMPILER_APPICON_NAME = AppIcon;
				ASSETCATALOG_COMPILER_GLOBAL_ACCENT_COLOR_NAME = AccentColor;
				ASSETCATALOG_COMPILER_INCLUDE_ALL_APPICON_ASSETS = YES;
				CODE_SIGN_STYLE = Automatic;
				CURRENT_PROJECT_VERSION = 1;
				DEVELOPMENT_TEAM = UT4W7MMEML;
				GENERATE_INFOPLIST_FILE = YES;
				INFOPLIST_FILE = CSGOTV/Info.plist;
				INFOPLIST_KEY_LSApplicationCategoryType = "public.app-category.games";
				INFOPLIST_KEY_UIApplicationSupportsIndirectInputEvents = YES;
				INFOPLIST_KEY_UILaunchStoryboardName = LaunchScreen;
				INFOPLIST_KEY_UIMainStoryboardFile = Main;
				INFOPLIST_KEY_UIRequiresFullScreen = YES;
				INFOPLIST_KEY_UIStatusBarStyle = UIStatusBarStyleLightContent;
				INFOPLIST_KEY_UISupportedInterfaceOrientations = UIInterfaceOrientationPortrait;
				LD_RUNPATH_SEARCH_PATHS = (
					"$(inherited)",
					"@executable_path/Frameworks",
				);
				MARKETING_VERSION = 1.0;
				PRODUCT_BUNDLE_IDENTIFIER = com.willianpinho.CSGOTV;
				PRODUCT_NAME = "$(TARGET_NAME)";
				SWIFT_EMIT_LOC_STRINGS = YES;
				SWIFT_VERSION = 5.0;
				TARGETED_DEVICE_FAMILY = "1,2";
			};
			name = Release;
		};
		FF1A747F29AA9C70003AC412 /* Debug */ = {
			isa = XCBuildConfiguration;
			buildSettings = {
				ALWAYS_EMBED_SWIFT_STANDARD_LIBRARIES = YES;
				BUNDLE_LOADER = "$(TEST_HOST)";
				CODE_SIGN_STYLE = Automatic;
				CURRENT_PROJECT_VERSION = 1;
				DEVELOPMENT_TEAM = UT4W7MMEML;
				GENERATE_INFOPLIST_FILE = YES;
				IPHONEOS_DEPLOYMENT_TARGET = 16.2;
				MARKETING_VERSION = 1.0;
				PRODUCT_BUNDLE_IDENTIFIER = com.willianpinho.CSGOTVTests;
				PRODUCT_NAME = "$(TARGET_NAME)";
				SWIFT_EMIT_LOC_STRINGS = NO;
				SWIFT_VERSION = 5.0;
				TARGETED_DEVICE_FAMILY = "1,2";
				TEST_HOST = "$(BUILT_PRODUCTS_DIR)/CSGOTV.app/$(BUNDLE_EXECUTABLE_FOLDER_PATH)/CSGOTV";
			};
			name = Debug;
		};
		FF1A748029AA9C70003AC412 /* Release */ = {
			isa = XCBuildConfiguration;
			buildSettings = {
				ALWAYS_EMBED_SWIFT_STANDARD_LIBRARIES = YES;
				BUNDLE_LOADER = "$(TEST_HOST)";
				CODE_SIGN_STYLE = Automatic;
				CURRENT_PROJECT_VERSION = 1;
				DEVELOPMENT_TEAM = UT4W7MMEML;
				GENERATE_INFOPLIST_FILE = YES;
				IPHONEOS_DEPLOYMENT_TARGET = 16.2;
				MARKETING_VERSION = 1.0;
				PRODUCT_BUNDLE_IDENTIFIER = com.willianpinho.CSGOTVTests;
				PRODUCT_NAME = "$(TARGET_NAME)";
				SWIFT_EMIT_LOC_STRINGS = NO;
				SWIFT_VERSION = 5.0;
				TARGETED_DEVICE_FAMILY = "1,2";
				TEST_HOST = "$(BUILT_PRODUCTS_DIR)/CSGOTV.app/$(BUNDLE_EXECUTABLE_FOLDER_PATH)/CSGOTV";
			};
			name = Release;
		};
		FF1A748229AA9C70003AC412 /* Debug */ = {
			isa = XCBuildConfiguration;
			buildSettings = {
				ALWAYS_EMBED_SWIFT_STANDARD_LIBRARIES = YES;
				CODE_SIGN_STYLE = Automatic;
				CURRENT_PROJECT_VERSION = 1;
				DEVELOPMENT_TEAM = UT4W7MMEML;
				GENERATE_INFOPLIST_FILE = YES;
				MARKETING_VERSION = 1.0;
				PRODUCT_BUNDLE_IDENTIFIER = com.willianpinho.CSGOTVUITests;
				PRODUCT_NAME = "$(TARGET_NAME)";
				SWIFT_EMIT_LOC_STRINGS = NO;
				SWIFT_VERSION = 5.0;
				TARGETED_DEVICE_FAMILY = "1,2";
				TEST_TARGET_NAME = CSGOTV;
			};
			name = Debug;
		};
		FF1A748329AA9C70003AC412 /* Release */ = {
			isa = XCBuildConfiguration;
			buildSettings = {
				ALWAYS_EMBED_SWIFT_STANDARD_LIBRARIES = YES;
				CODE_SIGN_STYLE = Automatic;
				CURRENT_PROJECT_VERSION = 1;
				DEVELOPMENT_TEAM = UT4W7MMEML;
				GENERATE_INFOPLIST_FILE = YES;
				MARKETING_VERSION = 1.0;
				PRODUCT_BUNDLE_IDENTIFIER = com.willianpinho.CSGOTVUITests;
				PRODUCT_NAME = "$(TARGET_NAME)";
				SWIFT_EMIT_LOC_STRINGS = NO;
				SWIFT_VERSION = 5.0;
				TARGETED_DEVICE_FAMILY = "1,2";
				TEST_TARGET_NAME = CSGOTV;
			};
			name = Release;
		};
/* End XCBuildConfiguration section */

/* Begin XCConfigurationList section */
		FF1A744C29AA9C6D003AC412 /* Build configuration list for PBXProject "CSGOTV" */ = {
			isa = XCConfigurationList;
			buildConfigurations = (
				FF1A747929AA9C70003AC412 /* Debug */,
				FF1A747A29AA9C70003AC412 /* Release */,
			);
			defaultConfigurationIsVisible = 0;
			defaultConfigurationName = Release;
		};
		FF1A747B29AA9C70003AC412 /* Build configuration list for PBXNativeTarget "CSGOTV" */ = {
			isa = XCConfigurationList;
			buildConfigurations = (
				FF1A747C29AA9C70003AC412 /* Debug */,
				FF1A747D29AA9C70003AC412 /* Release */,
			);
			defaultConfigurationIsVisible = 0;
			defaultConfigurationName = Release;
		};
		FF1A747E29AA9C70003AC412 /* Build configuration list for PBXNativeTarget "CSGOTVTests" */ = {
			isa = XCConfigurationList;
			buildConfigurations = (
				FF1A747F29AA9C70003AC412 /* Debug */,
				FF1A748029AA9C70003AC412 /* Release */,
			);
			defaultConfigurationIsVisible = 0;
			defaultConfigurationName = Release;
		};
		FF1A748129AA9C70003AC412 /* Build configuration list for PBXNativeTarget "CSGOTVUITests" */ = {
			isa = XCConfigurationList;
			buildConfigurations = (
				FF1A748229AA9C70003AC412 /* Debug */,
				FF1A748329AA9C70003AC412 /* Release */,
			);
			defaultConfigurationIsVisible = 0;
			defaultConfigurationName = Release;
		};
/* End XCConfigurationList section */

/* Begin XCRemoteSwiftPackageReference section */
		FF972A7029AAB08400C62461 /* XCRemoteSwiftPackageReference "Alamofire" */ = {
			isa = XCRemoteSwiftPackageReference;
			repositoryURL = "https://github.com/Alamofire/Alamofire.git";
			requirement = {
				branch = master;
				kind = branch;
			};
		};
/* End XCRemoteSwiftPackageReference section */

/* Begin XCSwiftPackageProductDependency section */
		FF972A7129AAB08400C62461 /* Alamofire */ = {
			isa = XCSwiftPackageProductDependency;
			package = FF972A7029AAB08400C62461 /* XCRemoteSwiftPackageReference "Alamofire" */;
			productName = Alamofire;
		};
/* End XCSwiftPackageProductDependency section */
	};
	rootObject = FF1A744929AA9C6D003AC412 /* Project object */;
}
